# This file is autogenerated, do not edit; changes may be undone by the next 'dep ensure'.


[[projects]]
  digest = "1:00e6c96836e445755d954570d5b3c9cb2f281dee55be065016c64f105f9d6e96"
  name = "github.com/cloudfoundry-community/go-cfenv"
  packages = ["."]
  pruneopts = "UT"
  revision = "20ea9de4dd5d3e052f2df72aab439453d7445f31"
  version = "v1.18.0"

[[projects]]
  branch = "master"
  digest = "1:f9b8b077a22efe298d67a0004592e8800c6b0bfdaa9f8439065ddbefdbc17e2a"
  name = "github.com/go-packg/dev"
  packages = ["pkg/coursetasks/tree"]
  pruneopts = "UT"
  revision = "d36b3b6b41ff233e20af8fb007b77343fa72b81c"

[[projects]]
  digest = "1:d5f97fc268267ec1b61c3453058c738246fc3e746f14b1ae25161513b7367b0c"
  name = "github.com/gorilla/mux"
  packages = ["."]
  pruneopts = "UT"
  revision = "c5c6c98bc25355028a63748a498942a6398ccd22"
  version = "v1.7.1"

[[projects]]
  digest = "1:53bc4cd4914cd7cd52139990d5170d6dc99067ae31c56530621b18b35fc30318"
  name = "github.com/mitchellh/mapstructure"
  packages = ["."]
  pruneopts = "UT"
  revision = "3536a929edddb9a5b34bd6861dc4a9647cb459fe"
  version = "v1.1.2"

[[projects]]
  digest = "1:c805e517269b0ba4c21ded5836019ed7d16953d4026cb7d00041d039c7906be9"
  name = "gopkg.in/natefinch/lumberjack.v2"
  packages = ["."]
  pruneopts = "UT"
  revision = "a96e63847dc3c67d17befa69c303767e2f84e54f"
  version = "v2.1"

[solve-meta]
  analyzer-name = "dep"
  analyzer-version = 1
  input-imports = [
    "github.com/cloudfoundry-community/go-cfenv",
    "github.com/go-packg/dev/pkg/coursetasks/tree",
    "github.com/gorilla/mux",
    "gopkg.in/natefinch/lumberjack.v2",
  ]
  solver-name = "gps-cdcl"
  solver-version = 1
